<?xml version="1.0" encoding="utf-8"?>
<Project ToolsVersion="4.0" xmlns="http://schemas.microsoft.com/developer/msbuild/2003">
  <ItemGroup>
    <Filter Include="Source Files">
      <UniqueIdentifier>{4FC737F1-C7A5-4376-A066-2A32D752A2FF}</UniqueIdentifier>
      <Extensions>cpp;c;cc;cxx;c++;cppm;ixx;def;odl;idl;hpj;bat;asm;asmx</Extensions>
    </Filter>
    <Filter Include="Header Files">
      <UniqueIdentifier>{93995380-89BD-4b04-88EB-625FBE52EBFB}</UniqueIdentifier>
      <Extensions>h;hh;hpp;hxx;h++;hm;inl;inc;ipp;xsd</Extensions>
    </Filter>
    <Filter Include="Resource Files">
      <UniqueIdentifier>{67DA6AB6-F800-4c08-8B7A-83BB121AAD01}</UniqueIdentifier>
      <Extensions>rc;ico;cur;bmp;dlg;rc2;rct;bin;rgs;gif;jpg;jpeg;jpe;resx;tiff;tif;png;wav;mfcribbon-ms</Extensions>
    </Filter>
  </ItemGroup>
  <ItemGroup>
    <ClCompile Include="Main.cpp">
      <Filter>Source Files</Filter>
    </ClCompile>
  </ItemGroup>
  <ItemGroup>
    <None Include="..\Build\Assets\Scenes\basic.scn" />
    <None Include="..\Build\Assets\Shaders\basic.frag" />
    <None Include="..\Build\Assets\Shaders\basic.prog" />
    <None Include="..\Build\Assets\Shaders\basic.vert" />
    <None Include="..\Build\Assets\Material\ogre.mtrl" />
    <None Include="..\Build\Assets\Shaders\basic.lit.frag" />
    <None Include="..\Build\Assets\Shaders\basic.lit.prog" />
    <None Include="..\Build\Assets\Shaders\basic.lit.vert" />
    <None Include="..\Build\Assets\Scenes\basic.lit.scn" />
    <None Include="..\Build\Assets\Shaders\basic_phong.frag" />
    <None Include="..\Build\Assets\Shaders\basic_phong.prog" />
    <None Include="..\Build\Assets\Shaders\basic_phong.vert" />
    <None Include="..\Build\Assets\Material\box.mtrl" />
    <None Include="..\Build\Assets\Scenes\texture.scn" />
    <None Include="..\Build\Assets\Material\multi.mtrl" />
    <None Include="..\Build\Assets\Shaders\Lit\texture.frag" />
    <None Include="..\Build\Assets\Shaders\Lit\texture.prog" />
    <None Include="..\Build\Assets\Shaders\Lit\texture.vert" />
    <None Include="..\Build\Assets\Shaders\Lit\texture_normal.frag" />
    <None Include="..\Build\Assets\Shaders\Lit\texture_normal.prog" />
    <None Include="..\Build\Assets\Shaders\Lit\texture_normal.vert" />
    <None Include="..\Build\Assets\Shaders\Fx\toom.frag" />
    <None Include="..\Build\Assets\Shaders\Fx\toom.prog" />
    <None Include="..\Build\Assets\Shaders\Fx\toom.vert" />
    <None Include="..\Build\Assets\Scenes\cubemap.scn" />
    <None Include="..\Build\Assets\Material\skybox.mtrl" />
    <None Include="..\Build\Assets\Shaders\Fx\skybox.frag" />
    <None Include="..\Build\Assets\Shaders\Fx\skybox.prog" />
    <None Include="..\Build\Assets\Shaders\Fx\skybox.vert" />
    <None Include="..\Build\Assets\Shaders\Fx\reflection.frag" />
    <None Include="..\Build\Assets\Shaders\Fx\reflection.prog" />
    <None Include="..\Build\Assets\Shaders\Fx\reflection.vert" />
    <None Include="..\Build\Assets\Material\reflection.mtrl" />
    <None Include="..\Build\Assets\Shaders\Fx\refraction.frag" />
    <None Include="..\Build\Assets\Shaders\Fx\refraction.prog" />
    <None Include="..\Build\Assets\Shaders\Fx\refraction.vert" />
    <None Include="..\Build\Assets\Material\refraction.mtrl" />
    <None Include="..\Build\Assets\Scenes\rtt.scn" />
    <None Include="..\Build\Assets\Material\RTT.mtrl" />
    <None Include="..\Build\Assets\Shaders\unLit\color.frag" />
    <None Include="..\Build\Assets\Shaders\unLit\color.prog" />
    <None Include="..\Build\Assets\Shaders\unLit\color.vert" />
    <None Include="..\Build\Assets\Shaders\unLit\texture.frag" />
    <None Include="..\Build\Assets\Shaders\unLit\texture.prog" />
    <None Include="..\Build\Assets\Shaders\unLit\texture.vert" />
    <None Include="..\Build\Assets\Scenes\postprocess.scn" />
    <None Include="..\Build\Assets\Shaders\PostProcess\postprocess.prog" />
    <None Include="..\Build\Assets\Shaders\PostProcess\postprocess.vert" />
    <None Include="..\Build\Assets\Shaders\PostProcess\postprocess.frag" />
    <None Include="..\Build\Assets\Material\postprocess.mtrl" />
    <None Include="..\Build\Assets\Material\fish.mtrl" />
    <None Include="..\Build\Assets\Material\urchin.mtrl" />
    <None Include="..\Build\Assets\Material\octopus.mtrl" />
  </ItemGroup>
</Project>